
Microsoft Visual Studio Solution File, Format Version 12.00
# Visual Studio Version 16
VisualStudioVersion = 16.0.29215.179
MinimumVisualStudioVersion = 10.0.40219.1
Project("{FAE04EC0-301F-11D3-BF4B-00C04F79EFBC}") = "Övningar", "Övningar\Övningar.csproj", "{49D6AE82-7E81-401B-8C66-9A59FDE13B76}"
EndProject
Project("{FAE04EC0-301F-11D3-BF4B-00C04F79EFBC}") = "Övning 2.1", "Övning 2.1\Övning 2.1.csproj", "{D30F03E4-C095-4F8F-8B7B-7DF74A334AAE}"
EndProject
Global
	GlobalSection(SolutionConfigurationPlatforms) = preSolution
		Debug|Any CPU = Debug|Any CPU
		Release|Any CPU = Release|Any CPU
	EndGlobalSection
	GlobalSection(ProjectConfigurationPlatforms) = postSolution
		{49D6AE82-7E81-401B-8C66-9A59FDE13B76}.Debug|Any CPU.ActiveCfg = Debug|Any CPU
		{49D6AE82-7E81-401B-8C66-9A59FDE13B76}.Debug|Any CPU.Build.0 = Debug|Any CPU
		{49D6AE82-7E81-401B-8C66-9A59FDE13B76}.Release|Any CPU.ActiveCfg = Release|Any CPU
		{49D6AE82-7E81-401B-8C66-9A59FDE13B76}.Release|Any CPU.Build.0 = Release|Any CPU
		{D30F03E4-C095-4F8F-8B7B-7DF74A334AAE}.Debug|Any CPU.ActiveCfg = Debug|Any CPU
		{D30F03E4-C095-4F8F-8B7B-7DF74A334AAE}.Debug|Any CPU.Build.0 = Debug|Any CPU
		{D30F03E4-C095-4F8F-8B7B-7DF74A334AAE}.Release|Any CPU.ActiveCfg = Release|Any CPU
		{D30F03E4-C095-4F8F-8B7B-7DF74A334AAE}.Release|Any CPU.Build.0 = Release|Any CPU
	EndGlobalSection
	GlobalSection(SolutionProperties) = preSolution
		HideSolutionNode = FALSE
	EndGlobalSection
	GlobalSection(ExtensibilityGlobals) = postSolution
		SolutionGuid = {48DDAE16-474E-4520-A372-685845B73795}
	EndGlobalSection
EndGlobal
